{
  "nodes": {
    "nixpkgs": {
      "locked": {
        "lastModified": 1625942347,
        "narHash": "sha256-gNxZar+Mc8lv8FbBldl8ztKtUZU3/SJuL5eqCjW/m7U=",
        "owner": "NixOS",
        "repo": "nixpkgs",
        "rev": "fb45fa64ae3460d6bd2701ab5a6c4512d781f166",
        "type": "github"
      },
      "original": {
        "owner": "NixOS",
        "ref": "nixpkgs-unstable",
        "repo": "nixpkgs",
        "type": "github"
      }
    },
    "root": {
      "inputs": {
        "nixpkgs": "nixpkgs"
      }
    }
  },
  "root": "root",
  "version": 7
}
